
Microsoft Visual Studio Solution File, Format Version 12.00
# Visual Studio Version 17
VisualStudioVersion = 17.14.36705.20 d17.14
MinimumVisualStudioVersion = 10.0.40219.1
Project("{FAE04EC0-301F-11D3-BF4B-00C04F79EFBC}") = "AlgorithmsPractice", "AlgorithmsPractice\AlgorithmsPractice.csproj", "{31735DEB-9600-4EAE-A48E-E26F25A4C4A9}"
EndProject
Global
	GlobalSection(SolutionConfigurationPlatforms) = preSolution
		Debug|Any CPU = Debug|Any CPU
		Release|Any CPU = Release|Any CPU
	EndGlobalSection
	GlobalSection(ProjectConfigurationPlatforms) = postSolution
		{31735DEB-9600-4EAE-A48E-E26F25A4C4A9}.Debug|Any CPU.ActiveCfg = Debug|Any CPU
		{31735DEB-9600-4EAE-A48E-E26F25A4C4A9}.Debug|Any CPU.Build.0 = Debug|Any CPU
		{31735DEB-9600-4EAE-A48E-E26F25A4C4A9}.Release|Any CPU.ActiveCfg = Release|Any CPU
		{31735DEB-9600-4EAE-A48E-E26F25A4C4A9}.Release|Any CPU.Build.0 = Release|Any CPU
	EndGlobalSection
	GlobalSection(SolutionProperties) = preSolution
		HideSolutionNode = FALSE
	EndGlobalSection
	GlobalSection(ExtensibilityGlobals) = postSolution
		SolutionGuid = {08CDD7A5-D866-4521-AFD3-366D138F28E3}
	EndGlobalSection
EndGlobal
